<?xml version="1.0" encoding="utf-8"?>
<Project ToolsVersion="4.0" xmlns="http://schemas.microsoft.com/developer/msbuild/2003">
  <ItemGroup>
    <Filter Include="Source Files">
      <UniqueIdentifier>{4FC737F1-C7A5-4376-A066-2A32D752A2FF}</UniqueIdentifier>
      <Extensions>cpp;c;cc;cxx;def;odl;idl;hpj;bat;asm;asmx</Extensions>
    </Filter>
    <Filter Include="Header Files">
      <UniqueIdentifier>{93995380-89BD-4b04-88EB-625FBE52EBFB}</UniqueIdentifier>
      <Extensions>h;hpp;hxx;hm;inl;inc;xsd</Extensions>
    </Filter>
    <Filter Include="Resource Files">
      <UniqueIdentifier>{67DA6AB6-F800-4c08-8B7A-83BB121AAD01}</UniqueIdentifier>
      <Extensions>rc;ico;cur;bmp;dlg;rc2;rct;bin;rgs;gif;jpg;jpeg;jpe;resx;tiff;tif;png;wav;mfcribbon-ms</Extensions>
    </Filter>
    <Filter Include="Driver Files">
      <UniqueIdentifier>{8E41214B-6785-4CFE-B992-037D68949A14}</UniqueIdentifier>
      <Extensions>inf;inv;inx;mof;mc;</Extensions>
    </Filter>
  </ItemGroup>
  <ItemGroup>
    <Inf Include="FsFilter.inf">
      <Filter>Driver Files</Filter>
    </Inf>
  </ItemGroup>
  <ItemGroup>
    <ClCompile Include="FsFilter.c">
      <Filter>Source Files</Filter>
    </ClCompile>
    <ClCompile Include="FsCore\OpCreate.c">
      <Filter>Source Files</Filter>
    </ClCompile>
    <ClCompile Include="FsCore\Instance.c">
      <Filter>Source Files</Filter>
    </ClCompile>
    <ClCompile Include="FsCore\Communication.c">
      <Filter>Source Files</Filter>
    </ClCompile>
    <ClCompile Include="FsCore\CtxCallbacks.c">
      <Filter>Source Files</Filter>
    </ClCompile>
    <ClCompile Include="FsCore\Ecp.c">
      <Filter>Source Files</Filter>
    </ClCompile>
    <ClCompile Include="FsCore\OpDirCtrl.c">
      <Filter>Source Files</Filter>
    </ClCompile>
    <ClCompile Include="FsCore\OpCleanUp.c">
      <Filter>Source Files</Filter>
    </ClCompile>
    <ClCompile Include="FsCore\OpClose.c">
      <Filter>Source Files</Filter>
    </ClCompile>
    <ClCompile Include="FsCore\OpQueryInfo.c">
      <Filter>Source Files</Filter>
    </ClCompile>
    <ClCompile Include="FsCore\OpQueryVolume.c">
      <Filter>Source Files</Filter>
    </ClCompile>
    <ClCompile Include="FsCore\OpSetInformation.c">
      <Filter>Source Files</Filter>
    </ClCompile>
    <ClCompile Include="FsCore\OpSetSecurity.c">
      <Filter>Source Files</Filter>
    </ClCompile>
    <ClCompile Include="FsCore\OpWrite.c">
      <Filter>Source Files</Filter>
    </ClCompile>
    <ClCompile Include="FsCommon\KernelObjs.c">
      <Filter>Source Files</Filter>
    </ClCompile>
    <ClCompile Include="FsCore\Ktm.c">
      <Filter>Source Files</Filter>
    </ClCompile>
    <ClCompile Include="FsCommon\WorkItems.c">
      <Filter>Source Files</Filter>
    </ClCompile>
    <ClCompile Include="FsCore\OpNetworkQueryOpen.c">
      <Filter>Source Files</Filter>
    </ClCompile>
    <ClCompile Include="FsCommon\CommonFunctions.c">
      <Filter>Source Files</Filter>
    </ClCompile>
    <ClCompile Include="nameprovider.c">
      <Filter>Source Files</Filter>
    </ClCompile>
  </ItemGroup>
  <ItemGroup>
    <ClInclude Include="FsCore\OpCreate.h">
      <Filter>Header Files</Filter>
    </ClInclude>
    <ClInclude Include="FsFilter.h">
      <Filter>Header Files</Filter>
    </ClInclude>
    <ClInclude Include="FsCommon\Extern_def.h">
      <Filter>Header Files</Filter>
    </ClInclude>
    <ClInclude Include="FsCommon\Common.h">
      <Filter>Header Files</Filter>
    </ClInclude>
    <ClInclude Include="FsCore\Instance.h">
      <Filter>Header Files</Filter>
    </ClInclude>
    <ClInclude Include="FsCore\Communication.h">
      <Filter>Header Files</Filter>
    </ClInclude>
    <ClInclude Include="FsCore\CtxCallbacks.h">
      <Filter>Header Files</Filter>
    </ClInclude>
    <ClInclude Include="FsCore\Ecp.h">
      <Filter>Header Files</Filter>
    </ClInclude>
    <ClInclude Include="FsCore\OpDirCtrl.h">
      <Filter>Header Files</Filter>
    </ClInclude>
    <ClInclude Include="FsCore\OpCleanUp.h">
      <Filter>Header Files</Filter>
    </ClInclude>
    <ClInclude Include="FsCore\OpClose.h">
      <Filter>Header Files</Filter>
    </ClInclude>
    <ClInclude Include="FsCore\OpQueryInfo.h">
      <Filter>Header Files</Filter>
    </ClInclude>
    <ClInclude Include="FsCore\OpQueryVolume.h">
      <Filter>Header Files</Filter>
    </ClInclude>
    <ClInclude Include="FsCore\OpSetInformation.h">
      <Filter>Header Files</Filter>
    </ClInclude>
    <ClInclude Include="FsCore\OpSetSecurity.h">
      <Filter>Header Files</Filter>
    </ClInclude>
    <ClInclude Include="FsCore\OpWrite.h">
      <Filter>Header Files</Filter>
    </ClInclude>
    <ClInclude Include="FsCommon\KernelObjs.h">
      <Filter>Header Files</Filter>
    </ClInclude>
    <ClInclude Include="FsCore\Ktm.h">
      <Filter>Header Files</Filter>
    </ClInclude>
    <ClInclude Include="FsCommon\WorkItems.h">
      <Filter>Header Files</Filter>
    </ClInclude>
    <ClInclude Include="FsCore\OpNetworkQueryOpen.h">
      <Filter>Header Files</Filter>
    </ClInclude>
    <ClInclude Include="FsCommon\CommonFunctions.h">
      <Filter>Header Files</Filter>
    </ClInclude>
    <ClInclude Include="nameprovider.h">
      <Filter>Header Files</Filter>
    </ClInclude>
    <ClInclude Include="FsCommon\Trace.h">
      <Filter>Header Files</Filter>
    </ClInclude>
  </ItemGroup>
</Project>